
Microsoft Visual Studio Solution File, Format Version 12.00
# Visual Studio Version 16
VisualStudioVersion = 16.0.30413.136
MinimumVisualStudioVersion = 10.0.40219.1
Project("{9A19103F-16F7-4668-BE54-9A1E7A4F7556}") = "C1_WriteLine", "C1_WriteLine\C1_WriteLine.csproj", "{C1A324B0-494D-4F35-9621-4CC6B592E61B}"
EndProject
Project("{9A19103F-16F7-4668-BE54-9A1E7A4F7556}") = "C2_ReadLine", "C2_ReadLine\C2_ReadLine.csproj", "{437DFF79-3E04-43C0-B41F-3CF8E1C05352}"
EndProject
Project("{9A19103F-16F7-4668-BE54-9A1E7A4F7556}") = "C3_WithAClass", "C3_WithAClass\C3_WithAClass.csproj", "{093A8A50-CF82-4B38-AF64-96D58D989270}"
EndProject
Project("{9A19103F-16F7-4668-BE54-9A1E7A4F7556}") = "C4_WithMethods", "C4_WithMethods\C4_WithMethods.csproj", "{F898685A-B135-4910-9C49-B71E0DFB67F2}"
EndProject
Project("{9A19103F-16F7-4668-BE54-9A1E7A4F7556}") = "C5_WithAgeCalculation", "C5_WithAgeCalculation\C5_WithAgeCalculation.csproj", "{8C1ADDF8-E32F-4C08-B7EF-8C9A7B9A97CD}"
EndProject
Project("{9A19103F-16F7-4668-BE54-9A1E7A4F7556}") = "C6_GettersAndSetters", "C6_GettersAndSetters\C6_GettersAndSetters.csproj", "{93B256C3-9503-49C9-8FD0-62F8229F3DB5}"
EndProject
Project("{9A19103F-16F7-4668-BE54-9A1E7A4F7556}") = "C7_GetterAndSettersV2", "C7_GetterAndSettersV2\C7_GetterAndSettersV2.csproj", "{C011EF77-7283-4BEF-879F-1CD0F501844A}"
EndProject
Project("{9A19103F-16F7-4668-BE54-9A1E7A4F7556}") = "C8_Arrays", "C8_Arrays\C8_Arrays.csproj", "{92D3330F-FAC9-426A-B992-1D28F58512B1}"
EndProject
Project("{9A19103F-16F7-4668-BE54-9A1E7A4F7556}") = "C9_Lists", "C9_Lists\C9_Lists.csproj", "{54077B90-2F8A-4EA1-8901-6F5C85489ED3}"
EndProject
Project("{FAE04EC0-301F-11D3-BF4B-00C04F79EFBC}") = "C10_Struct", "C10_Struct\C10_Struct.csproj", "{239B4577-FEF4-4898-9D45-8A401D8154B9}"
EndProject
Project("{FAE04EC0-301F-11D3-BF4B-00C04F79EFBC}") = "C11_Enum", "C11_Enum\C11_Enum.csproj", "{CD650F98-E275-48CD-8B6F-2AD5834AEDAA}"
EndProject
Project("{FAE04EC0-301F-11D3-BF4B-00C04F79EFBC}") = "C12_Interfaces_1", "C12_InterFaces_1\C12_Interfaces_1.csproj", "{B1317568-115E-48A6-ABA5-883374051912}"
EndProject
Project("{FAE04EC0-301F-11D3-BF4B-00C04F79EFBC}") = "C13_Interfaces_2", "C13_Interfaces_2\C13_Interfaces_2.csproj", "{0A026EF2-77F6-4E65-82CC-5E620C856921}"
EndProject
Project("{FAE04EC0-301F-11D3-BF4B-00C04F79EFBC}") = "C14_Abstract_1", "C14_Abstract_1\C14_Abstract_1.csproj", "{1EA382A4-969B-4AC1-AF17-7E69039BC819}"
EndProject
Project("{FAE04EC0-301F-11D3-BF4B-00C04F79EFBC}") = "C15_Abstract_2", "C15_Abstract_2\C15_Abstract_2.csproj", "{69D8CCD6-9189-4D1A-95F8-AE99A25755C5}"
EndProject
Global
	GlobalSection(SolutionConfigurationPlatforms) = preSolution
		Debug|Any CPU = Debug|Any CPU
		Release|Any CPU = Release|Any CPU
	EndGlobalSection
	GlobalSection(ProjectConfigurationPlatforms) = postSolution
		{C1A324B0-494D-4F35-9621-4CC6B592E61B}.Debug|Any CPU.ActiveCfg = Debug|Any CPU
		{C1A324B0-494D-4F35-9621-4CC6B592E61B}.Debug|Any CPU.Build.0 = Debug|Any CPU
		{C1A324B0-494D-4F35-9621-4CC6B592E61B}.Release|Any CPU.ActiveCfg = Release|Any CPU
		{C1A324B0-494D-4F35-9621-4CC6B592E61B}.Release|Any CPU.Build.0 = Release|Any CPU
		{437DFF79-3E04-43C0-B41F-3CF8E1C05352}.Debug|Any CPU.ActiveCfg = Debug|Any CPU
		{437DFF79-3E04-43C0-B41F-3CF8E1C05352}.Debug|Any CPU.Build.0 = Debug|Any CPU
		{437DFF79-3E04-43C0-B41F-3CF8E1C05352}.Release|Any CPU.ActiveCfg = Release|Any CPU
		{437DFF79-3E04-43C0-B41F-3CF8E1C05352}.Release|Any CPU.Build.0 = Release|Any CPU
		{093A8A50-CF82-4B38-AF64-96D58D989270}.Debug|Any CPU.ActiveCfg = Debug|Any CPU
		{093A8A50-CF82-4B38-AF64-96D58D989270}.Debug|Any CPU.Build.0 = Debug|Any CPU
		{093A8A50-CF82-4B38-AF64-96D58D989270}.Release|Any CPU.ActiveCfg = Release|Any CPU
		{093A8A50-CF82-4B38-AF64-96D58D989270}.Release|Any CPU.Build.0 = Release|Any CPU
		{F898685A-B135-4910-9C49-B71E0DFB67F2}.Debug|Any CPU.ActiveCfg = Debug|Any CPU
		{F898685A-B135-4910-9C49-B71E0DFB67F2}.Debug|Any CPU.Build.0 = Debug|Any CPU
		{F898685A-B135-4910-9C49-B71E0DFB67F2}.Release|Any CPU.ActiveCfg = Release|Any CPU
		{F898685A-B135-4910-9C49-B71E0DFB67F2}.Release|Any CPU.Build.0 = Release|Any CPU
		{8C1ADDF8-E32F-4C08-B7EF-8C9A7B9A97CD}.Debug|Any CPU.ActiveCfg = Debug|Any CPU
		{8C1ADDF8-E32F-4C08-B7EF-8C9A7B9A97CD}.Debug|Any CPU.Build.0 = Debug|Any CPU
		{8C1ADDF8-E32F-4C08-B7EF-8C9A7B9A97CD}.Release|Any CPU.ActiveCfg = Release|Any CPU
		{8C1ADDF8-E32F-4C08-B7EF-8C9A7B9A97CD}.Release|Any CPU.Build.0 = Release|Any CPU
		{93B256C3-9503-49C9-8FD0-62F8229F3DB5}.Debug|Any CPU.ActiveCfg = Debug|Any CPU
		{93B256C3-9503-49C9-8FD0-62F8229F3DB5}.Debug|Any CPU.Build.0 = Debug|Any CPU
		{93B256C3-9503-49C9-8FD0-62F8229F3DB5}.Release|Any CPU.ActiveCfg = Release|Any CPU
		{93B256C3-9503-49C9-8FD0-62F8229F3DB5}.Release|Any CPU.Build.0 = Release|Any CPU
		{C011EF77-7283-4BEF-879F-1CD0F501844A}.Debug|Any CPU.ActiveCfg = Debug|Any CPU
		{C011EF77-7283-4BEF-879F-1CD0F501844A}.Debug|Any CPU.Build.0 = Debug|Any CPU
		{C011EF77-7283-4BEF-879F-1CD0F501844A}.Release|Any CPU.ActiveCfg = Release|Any CPU
		{C011EF77-7283-4BEF-879F-1CD0F501844A}.Release|Any CPU.Build.0 = Release|Any CPU
		{92D3330F-FAC9-426A-B992-1D28F58512B1}.Debug|Any CPU.ActiveCfg = Debug|Any CPU
		{92D3330F-FAC9-426A-B992-1D28F58512B1}.Debug|Any CPU.Build.0 = Debug|Any CPU
		{92D3330F-FAC9-426A-B992-1D28F58512B1}.Release|Any CPU.ActiveCfg = Release|Any CPU
		{92D3330F-FAC9-426A-B992-1D28F58512B1}.Release|Any CPU.Build.0 = Release|Any CPU
		{54077B90-2F8A-4EA1-8901-6F5C85489ED3}.Debug|Any CPU.ActiveCfg = Debug|Any CPU
		{54077B90-2F8A-4EA1-8901-6F5C85489ED3}.Debug|Any CPU.Build.0 = Debug|Any CPU
		{54077B90-2F8A-4EA1-8901-6F5C85489ED3}.Release|Any CPU.ActiveCfg = Release|Any CPU
		{54077B90-2F8A-4EA1-8901-6F5C85489ED3}.Release|Any CPU.Build.0 = Release|Any CPU
		{239B4577-FEF4-4898-9D45-8A401D8154B9}.Debug|Any CPU.ActiveCfg = Debug|Any CPU
		{239B4577-FEF4-4898-9D45-8A401D8154B9}.Debug|Any CPU.Build.0 = Debug|Any CPU
		{239B4577-FEF4-4898-9D45-8A401D8154B9}.Release|Any CPU.ActiveCfg = Release|Any CPU
		{239B4577-FEF4-4898-9D45-8A401D8154B9}.Release|Any CPU.Build.0 = Release|Any CPU
		{CD650F98-E275-48CD-8B6F-2AD5834AEDAA}.Debug|Any CPU.ActiveCfg = Debug|Any CPU
		{CD650F98-E275-48CD-8B6F-2AD5834AEDAA}.Debug|Any CPU.Build.0 = Debug|Any CPU
		{CD650F98-E275-48CD-8B6F-2AD5834AEDAA}.Release|Any CPU.ActiveCfg = Release|Any CPU
		{CD650F98-E275-48CD-8B6F-2AD5834AEDAA}.Release|Any CPU.Build.0 = Release|Any CPU
		{B1317568-115E-48A6-ABA5-883374051912}.Debug|Any CPU.ActiveCfg = Debug|Any CPU
		{B1317568-115E-48A6-ABA5-883374051912}.Debug|Any CPU.Build.0 = Debug|Any CPU
		{B1317568-115E-48A6-ABA5-883374051912}.Release|Any CPU.ActiveCfg = Release|Any CPU
		{B1317568-115E-48A6-ABA5-883374051912}.Release|Any CPU.Build.0 = Release|Any CPU
		{0A026EF2-77F6-4E65-82CC-5E620C856921}.Debug|Any CPU.ActiveCfg = Debug|Any CPU
		{0A026EF2-77F6-4E65-82CC-5E620C856921}.Debug|Any CPU.Build.0 = Debug|Any CPU
		{0A026EF2-77F6-4E65-82CC-5E620C856921}.Release|Any CPU.ActiveCfg = Release|Any CPU
		{0A026EF2-77F6-4E65-82CC-5E620C856921}.Release|Any CPU.Build.0 = Release|Any CPU
		{1EA382A4-969B-4AC1-AF17-7E69039BC819}.Debug|Any CPU.ActiveCfg = Debug|Any CPU
		{1EA382A4-969B-4AC1-AF17-7E69039BC819}.Debug|Any CPU.Build.0 = Debug|Any CPU
		{1EA382A4-969B-4AC1-AF17-7E69039BC819}.Release|Any CPU.ActiveCfg = Release|Any CPU
		{1EA382A4-969B-4AC1-AF17-7E69039BC819}.Release|Any CPU.Build.0 = Release|Any CPU
		{69D8CCD6-9189-4D1A-95F8-AE99A25755C5}.Debug|Any CPU.ActiveCfg = Debug|Any CPU
		{69D8CCD6-9189-4D1A-95F8-AE99A25755C5}.Debug|Any CPU.Build.0 = Debug|Any CPU
		{69D8CCD6-9189-4D1A-95F8-AE99A25755C5}.Release|Any CPU.ActiveCfg = Release|Any CPU
		{69D8CCD6-9189-4D1A-95F8-AE99A25755C5}.Release|Any CPU.Build.0 = Release|Any CPU
	EndGlobalSection
	GlobalSection(SolutionProperties) = preSolution
		HideSolutionNode = FALSE
	EndGlobalSection
	GlobalSection(ExtensibilityGlobals) = postSolution
		SolutionGuid = {D178A42A-07EA-4C8A-969D-7D2FF7B13409}
	EndGlobalSection
EndGlobal
