
Microsoft Visual Studio Solution File, Format Version 12.00
# Visual Studio Version 16
VisualStudioVersion = 16.0.30413.136
MinimumVisualStudioVersion = 10.0.40219.1
Project("{FAE04EC0-301F-11D3-BF4B-00C04F79EFBC}") = "C1_WriteLine", "C1_WriteLine\C1_WriteLine.csproj", "{C1A324B0-494D-4F35-9621-4CC6B592E61B}"
EndProject
Project("{FAE04EC0-301F-11D3-BF4B-00C04F79EFBC}") = "C2_ReadLine", "C2_ReadLine\C2_ReadLine.csproj", "{437DFF79-3E04-43C0-B41F-3CF8E1C05352}"
EndProject
Project("{FAE04EC0-301F-11D3-BF4B-00C04F79EFBC}") = "C3_WithAClass", "C3_WithAClass\C3_WithAClass.csproj", "{093A8A50-CF82-4B38-AF64-96D58D989270}"
EndProject
Global
	GlobalSection(SolutionConfigurationPlatforms) = preSolution
		Debug|Any CPU = Debug|Any CPU
		Release|Any CPU = Release|Any CPU
	EndGlobalSection
	GlobalSection(ProjectConfigurationPlatforms) = postSolution
		{C1A324B0-494D-4F35-9621-4CC6B592E61B}.Debug|Any CPU.ActiveCfg = Debug|Any CPU
		{C1A324B0-494D-4F35-9621-4CC6B592E61B}.Debug|Any CPU.Build.0 = Debug|Any CPU
		{C1A324B0-494D-4F35-9621-4CC6B592E61B}.Release|Any CPU.ActiveCfg = Release|Any CPU
		{C1A324B0-494D-4F35-9621-4CC6B592E61B}.Release|Any CPU.Build.0 = Release|Any CPU
		{437DFF79-3E04-43C0-B41F-3CF8E1C05352}.Debug|Any CPU.ActiveCfg = Debug|Any CPU
		{437DFF79-3E04-43C0-B41F-3CF8E1C05352}.Debug|Any CPU.Build.0 = Debug|Any CPU
		{437DFF79-3E04-43C0-B41F-3CF8E1C05352}.Release|Any CPU.ActiveCfg = Release|Any CPU
		{437DFF79-3E04-43C0-B41F-3CF8E1C05352}.Release|Any CPU.Build.0 = Release|Any CPU
		{093A8A50-CF82-4B38-AF64-96D58D989270}.Debug|Any CPU.ActiveCfg = Debug|Any CPU
		{093A8A50-CF82-4B38-AF64-96D58D989270}.Debug|Any CPU.Build.0 = Debug|Any CPU
		{093A8A50-CF82-4B38-AF64-96D58D989270}.Release|Any CPU.ActiveCfg = Release|Any CPU
		{093A8A50-CF82-4B38-AF64-96D58D989270}.Release|Any CPU.Build.0 = Release|Any CPU
	EndGlobalSection
	GlobalSection(SolutionProperties) = preSolution
		HideSolutionNode = FALSE
	EndGlobalSection
	GlobalSection(ExtensibilityGlobals) = postSolution
		SolutionGuid = {D178A42A-07EA-4C8A-969D-7D2FF7B13409}
	EndGlobalSection
EndGlobal
